
Microsoft Visual Studio Solution File, Format Version 12.00
# Visual Studio Version 16
VisualStudioVersion = 16.0.34114.132
MinimumVisualStudioVersion = 10.0.40219.1
Project("{FAE04EC0-301F-11D3-BF4B-00C04F79EFBC}") = "ExpenseIt", "ExpenseIt\ExpenseIt.csproj", "{366616EC-297E-45C3-A904-A05AC77EC73E}"
EndProject
Global
	GlobalSection(SolutionConfigurationPlatforms) = preSolution
		Debug|Any CPU = Debug|Any CPU
		Release|Any CPU = Release|Any CPU
	EndGlobalSection
	GlobalSection(ProjectConfigurationPlatforms) = postSolution
		{366616EC-297E-45C3-A904-A05AC77EC73E}.Debug|Any CPU.ActiveCfg = Debug|Any CPU
		{366616EC-297E-45C3-A904-A05AC77EC73E}.Debug|Any CPU.Build.0 = Debug|Any CPU
		{366616EC-297E-45C3-A904-A05AC77EC73E}.Release|Any CPU.ActiveCfg = Release|Any CPU
		{366616EC-297E-45C3-A904-A05AC77EC73E}.Release|Any CPU.Build.0 = Release|Any CPU
	EndGlobalSection
	GlobalSection(SolutionProperties) = preSolution
		HideSolutionNode = FALSE
	EndGlobalSection
	GlobalSection(ExtensibilityGlobals) = postSolution
		SolutionGuid = {2889313F-FA10-4090-A512-CB56511893E3}
	EndGlobalSection
EndGlobal
